{
    "_readme": [
        "This file locks the dependencies of your project to a known state",
        "Read more about it at https://getcomposer.org/doc/01-basic-usage.md#composer-lock-the-lock-file",
        "This file is @generated automatically"
    ],
    "content-hash": "8887e863132b4a4f8f6a38bcbcfa223d",
    "packages": [
        {
            "name": "app/core",
            "version": "dev-master",
            "source": {
                "type": "git",
                "url": "git@gitlab.ait.com:other/app-core.git",
                "reference": "a5e0abbb95fd1169255dd8c330c68005fafc6a14"
            },
            "dist": {
                "type": "zip",
                "url": "https://tp.ait.com/repo/private/dists/app/core/9999999-dev/a5e0abbb95fd1169255dd8c330c68005fafc6a14.zip",
                "reference": "a5e0abbb95fd1169255dd8c330c68005fafc6a14",
                "shasum": null,
                "mirrors": [
                    {
                        "url": "https://tp.ait.com/repo/private/dists/%package%/%version%/%reference%.%type%",
                        "preferred": true
                    }
                ]
            },
            "require": {
                "php": ">=7.0",
                "swiftmailer/swiftmailer": "^6.0"
            },
            "type": "library",
            "autoload": {
                "psr-4": {
                    "app\\core\\": ""
                }
            },
            "authors": [
                {
                    "name": "Serg Nochevny",
                    "email": "serg.nochevny@engineering.ait.com"
                }
            ],
            "description": "App Core",
            "time": "2018-03-07T11:04:29+00:00"
        },
        {
            "name": "doctrine/lexer",
            "version": "dev-master",
            "source": {
                "type": "git",
                "url": "https://github.com/doctrine/lexer.git",
                "reference": "cc709ba91eee09540091ad5a5f2616727662e41b"
            },
            "dist": {
                "type": "zip",
                "url": "https://api.github.com/repos/doctrine/lexer/zipball/cc709ba91eee09540091ad5a5f2616727662e41b",
                "reference": "cc709ba91eee09540091ad5a5f2616727662e41b",
                "shasum": "",
                "mirrors": [
                    {
                        "url": "https://tp.ait.com/repo/packagist/dists/%package%/%version%/%reference%.%type%",
                        "preferred": true
                    }
                ]
            },
            "require": {
                "php": ">=5.3.2"
            },
            "type": "library",
            "extra": {
                "branch-alias": {
                    "dev-master": "1.0.x-dev"
                }
            },
            "autoload": {
                "psr-4": {
                    "Doctrine\\Common\\Lexer\\": "lib/Doctrine/Common/Lexer"
                }
            },
            "notification-url": "https://packagist.org/downloads/",
            "license": [
                "MIT"
            ],
            "authors": [
                {
                    "name": "Roman Borschel",
                    "email": "roman@code-factory.org"
                },
                {
                    "name": "Guilherme Blanco",
                    "email": "guilhermeblanco@gmail.com"
                },
                {
                    "name": "Johannes Schmitt",
                    "email": "schmittjoh@gmail.com"
                }
            ],
            "description": "Base library for a lexer that can be used in Top-Down, Recursive Descent Parsers.",
            "homepage": "http://www.doctrine-project.org",
            "keywords": [
                "lexer",
                "parser"
            ],
            "time": "2017-07-24T09:37:08+00:00"
        },
        {
            "name": "egulias/email-validator",
            "version": "2.1.3",
            "source": {
                "type": "git",
                "url": "https://github.com/egulias/EmailValidator.git",
                "reference": "1bec00a10039b823cc94eef4eddd47dcd3b2ca04"
            },
            "dist": {
                "type": "zip",
                "url": "https://api.github.com/repos/egulias/EmailValidator/zipball/1bec00a10039b823cc94eef4eddd47dcd3b2ca04",
                "reference": "1bec00a10039b823cc94eef4eddd47dcd3b2ca04",
                "shasum": "",
                "mirrors": [
                    {
                        "url": "https://tp.ait.com/repo/packagist/dists/%package%/%version%/%reference%.%type%",
                        "preferred": true
                    }
                ]
            },
            "require": {
                "doctrine/lexer": "^1.0.1",
                "php": ">= 5.5"
            },
            "require-dev": {
                "dominicsayers/isemail": "dev-master",
                "phpunit/phpunit": "^4.8.35",
                "satooshi/php-coveralls": "^1.0.1"
            },
            "suggest": {
                "ext-intl": "PHP Internationalization Libraries are required to use the SpoofChecking validation"
            },
            "type": "library",
            "extra": {
                "branch-alias": {
                    "dev-master": "2.0.x-dev"
                }
            },
            "autoload": {
                "psr-4": {
                    "Egulias\\EmailValidator\\": "EmailValidator"
                }
            },
            "notification-url": "https://packagist.org/downloads/",
            "license": [
                "MIT"
            ],
            "authors": [
                {
                    "name": "Eduardo Gulias Davis"
                }
            ],
            "description": "A library for validating emails against several RFCs",
            "homepage": "https://github.com/egulias/EmailValidator",
            "keywords": [
                "email",
                "emailvalidation",
                "emailvalidator",
                "validation",
                "validator"
            ],
            "time": "2017-11-15T23:40:40+00:00"
        },
        {
            "name": "installer",
            "version": "dev-master",
            "source": {
                "type": "git",
                "url": "git@gitlab.ait.com:other/installer.git",
                "reference": "549b669bf9688de69fa33eba57f64ce43ba40f4e"
            },
            "dist": {
                "type": "zip",
                "url": "https://tp.ait.com/repo/private/dists/installer/9999999-dev/549b669bf9688de69fa33eba57f64ce43ba40f4e.zip",
                "reference": "549b669bf9688de69fa33eba57f64ce43ba40f4e",
                "shasum": null,
                "mirrors": [
                    {
                        "url": "https://tp.ait.com/repo/private/dists/%package%/%version%/%reference%.%type%",
                        "preferred": true
                    }
                ]
            },
            "require": {
                "php": ">=7.0"
            },
            "type": "library",
            "autoload": {
                "psr-4": {
                    "installer\\": ""
                }
            },
            "authors": [
                {
                    "name": "Serg Nochevny",
                    "email": "serg.nochevny@engineering.ait.com"
                }
            ],
            "description": "composer installer",
            "time": "2017-12-19T17:44:46+00:00"
        },
        {
            "name": "swiftmailer/swiftmailer",
            "version": "dev-master",
            "source": {
                "type": "git",
                "url": "https://github.com/swiftmailer/swiftmailer.git",
                "reference": "e94cfd320d132ce116dc9d7d013529f7bdc9c745"
            },
            "dist": {
                "type": "zip",
                "url": "https://api.github.com/repos/swiftmailer/swiftmailer/zipball/e94cfd320d132ce116dc9d7d013529f7bdc9c745",
                "reference": "e94cfd320d132ce116dc9d7d013529f7bdc9c745",
                "shasum": "",
                "mirrors": [
                    {
                        "url": "https://tp.ait.com/repo/packagist/dists/%package%/%version%/%reference%.%type%",
                        "preferred": true
                    }
                ]
            },
            "require": {
                "egulias/email-validator": "~2.0",
                "php": ">=7.0.0"
            },
            "require-dev": {
                "mockery/mockery": "~0.9.1",
                "symfony/phpunit-bridge": "~3.3@dev"
            },
            "suggest": {
                "ext-intl": "Needed to support internationalized email addresses",
                "true/punycode": "Needed to support internationalized email addresses, if ext-intl is not installed"
            },
            "type": "library",
            "extra": {
                "branch-alias": {
                    "dev-master": "6.1-dev"
                }
            },
            "autoload": {
                "files": [
                    "lib/swift_required.php"
                ]
            },
            "notification-url": "https://packagist.org/downloads/",
            "license": [
                "MIT"
            ],
            "authors": [
                {
                    "name": "Chris Corbyn"
                },
                {
                    "name": "Fabien Potencier",
                    "email": "fabien@symfony.com"
                }
            ],
            "description": "Swiftmailer, free feature-rich PHP mailer",
            "homepage": "https://swiftmailer.symfony.com",
            "keywords": [
                "email",
                "mail",
                "mailer"
            ],
            "time": "2018-02-28T16:17:17+00:00"
        }
    ],
    "packages-dev": [],
    "aliases": [],
    "minimum-stability": "dev",
    "stability-flags": {
        "installer": 20,
        "app/core": 20
    },
    "prefer-stable": false,
    "prefer-lowest": false,
    "platform": {
        "php": ">=7.0"
    },
    "platform-dev": []
}
